
Microsoft Visual Studio Solution File, Format Version 12.00
# Visual Studio 15
VisualStudioVersion = 15.0.28307.168
MinimumVisualStudioVersion = 10.0.40219.1
Project("{FAE04EC0-301F-11D3-BF4B-00C04F79EFBC}") = "DINInject", "DINInject\DINInject.csproj", "{FCC113D2-F06E-47A8-9E4C-583B129BABAB}"
EndProject
Global
	GlobalSection(SolutionConfigurationPlatforms) = preSolution
		Debug|Any CPU = Debug|Any CPU
		Release|Any CPU = Release|Any CPU
	EndGlobalSection
	GlobalSection(ProjectConfigurationPlatforms) = postSolution
		{FCC113D2-F06E-47A8-9E4C-583B129BABAB}.Debug|Any CPU.ActiveCfg = Debug|Any CPU
		{FCC113D2-F06E-47A8-9E4C-583B129BABAB}.Debug|Any CPU.Build.0 = Debug|Any CPU
		{FCC113D2-F06E-47A8-9E4C-583B129BABAB}.Release|Any CPU.ActiveCfg = Release|Any CPU
		{FCC113D2-F06E-47A8-9E4C-583B129BABAB}.Release|Any CPU.Build.0 = Release|Any CPU
	EndGlobalSection
	GlobalSection(SolutionProperties) = preSolution
		HideSolutionNode = FALSE
	EndGlobalSection
	GlobalSection(ExtensibilityGlobals) = postSolution
		SolutionGuid = {BE250D8B-2852-4C7E-B7C3-7D1E62CF8939}
	EndGlobalSection
EndGlobal
